
Microsoft Visual Studio Solution File, Format Version 12.00
# Visual Studio 2012
Project("{FAE04EC0-301F-11D3-BF4B-00C04F79EFBC}") = "QuickOrder", "QuickOrder\QuickOrder.csproj", "{A1104F0E-1183-4D42-ADEB-A9EC954A8142}"
EndProject
Project("{FAE04EC0-301F-11D3-BF4B-00C04F79EFBC}") = "DataClasesQuickOrder", "DataClasesQuickOrder\DataClasesQuickOrder.csproj", "{EAD1E50F-B1BE-48C3-98F8-A2F8A24FE191}"
EndProject
Project("{FAE04EC0-301F-11D3-BF4B-00C04F79EFBC}") = "VoQuickOrder", "VoQuickOrder\VoQuickOrder.csproj", "{CFC45DC0-D11C-436C-9005-9E8E45A31CBD}"
EndProject
Project("{FAE04EC0-301F-11D3-BF4B-00C04F79EFBC}") = "LogicQuickOrder", "LogicQuickOrder\LogicQuickOrder.csproj", "{706DE9FD-5EAA-45B8-9E87-6AFEB3AD2F2E}"
EndProject
Global
	GlobalSection(SolutionConfigurationPlatforms) = preSolution
		Debug|Any CPU = Debug|Any CPU
		Release|Any CPU = Release|Any CPU
	EndGlobalSection
	GlobalSection(ProjectConfigurationPlatforms) = postSolution
		{A1104F0E-1183-4D42-ADEB-A9EC954A8142}.Debug|Any CPU.ActiveCfg = Debug|Any CPU
		{A1104F0E-1183-4D42-ADEB-A9EC954A8142}.Debug|Any CPU.Build.0 = Debug|Any CPU
		{A1104F0E-1183-4D42-ADEB-A9EC954A8142}.Release|Any CPU.ActiveCfg = Release|Any CPU
		{A1104F0E-1183-4D42-ADEB-A9EC954A8142}.Release|Any CPU.Build.0 = Release|Any CPU
		{EAD1E50F-B1BE-48C3-98F8-A2F8A24FE191}.Debug|Any CPU.ActiveCfg = Debug|Any CPU
		{EAD1E50F-B1BE-48C3-98F8-A2F8A24FE191}.Debug|Any CPU.Build.0 = Debug|Any CPU
		{EAD1E50F-B1BE-48C3-98F8-A2F8A24FE191}.Release|Any CPU.ActiveCfg = Release|Any CPU
		{EAD1E50F-B1BE-48C3-98F8-A2F8A24FE191}.Release|Any CPU.Build.0 = Release|Any CPU
		{CFC45DC0-D11C-436C-9005-9E8E45A31CBD}.Debug|Any CPU.ActiveCfg = Debug|Any CPU
		{CFC45DC0-D11C-436C-9005-9E8E45A31CBD}.Debug|Any CPU.Build.0 = Debug|Any CPU
		{CFC45DC0-D11C-436C-9005-9E8E45A31CBD}.Release|Any CPU.ActiveCfg = Release|Any CPU
		{CFC45DC0-D11C-436C-9005-9E8E45A31CBD}.Release|Any CPU.Build.0 = Release|Any CPU
		{706DE9FD-5EAA-45B8-9E87-6AFEB3AD2F2E}.Debug|Any CPU.ActiveCfg = Debug|Any CPU
		{706DE9FD-5EAA-45B8-9E87-6AFEB3AD2F2E}.Debug|Any CPU.Build.0 = Debug|Any CPU
		{706DE9FD-5EAA-45B8-9E87-6AFEB3AD2F2E}.Release|Any CPU.ActiveCfg = Release|Any CPU
		{706DE9FD-5EAA-45B8-9E87-6AFEB3AD2F2E}.Release|Any CPU.Build.0 = Release|Any CPU
	EndGlobalSection
	GlobalSection(SolutionProperties) = preSolution
		HideSolutionNode = FALSE
	EndGlobalSection
EndGlobal
